
Microsoft Visual Studio Solution File, Format Version 12.00
# Visual Studio 15
VisualStudioVersion = 15.0.28307.1684
MinimumVisualStudioVersion = 10.0.40219.1
Project("{FAE04EC0-301F-11D3-BF4B-00C04F79EFBC}") = "yungching", "yungching\yungching.csproj", "{953C56B1-8F3C-4327-8054-9A8377022DD8}"
EndProject
Global
	GlobalSection(SolutionConfigurationPlatforms) = preSolution
		Debug|Any CPU = Debug|Any CPU
		Release|Any CPU = Release|Any CPU
	EndGlobalSection
	GlobalSection(ProjectConfigurationPlatforms) = postSolution
		{953C56B1-8F3C-4327-8054-9A8377022DD8}.Debug|Any CPU.ActiveCfg = Debug|Any CPU
		{953C56B1-8F3C-4327-8054-9A8377022DD8}.Debug|Any CPU.Build.0 = Debug|Any CPU
		{953C56B1-8F3C-4327-8054-9A8377022DD8}.Release|Any CPU.ActiveCfg = Release|Any CPU
		{953C56B1-8F3C-4327-8054-9A8377022DD8}.Release|Any CPU.Build.0 = Release|Any CPU
	EndGlobalSection
	GlobalSection(SolutionProperties) = preSolution
		HideSolutionNode = FALSE
	EndGlobalSection
	GlobalSection(ExtensibilityGlobals) = postSolution
		SolutionGuid = {327FB96A-4327-46EC-85E7-6F4D1E4CD0EB}
	EndGlobalSection
EndGlobal
